
Microsoft Visual Studio Solution File, Format Version 11.00
# Visual Studio 2010
Project("{F184B08F-C81C-45F6-A57F-5ABD9991F28F}") = "ViruScan old", "ViruScan\ViruScan old.vbproj", "{3F7C19DC-23C3-449C-9497-3361B429C346}"
EndProject
Global
	GlobalSection(SolutionConfigurationPlatforms) = preSolution
		Debug|x86 = Debug|x86
		Release|x86 = Release|x86
	EndGlobalSection
	GlobalSection(ProjectConfigurationPlatforms) = postSolution
		{3F7C19DC-23C3-449C-9497-3361B429C346}.Debug|x86.ActiveCfg = Debug|x86
		{3F7C19DC-23C3-449C-9497-3361B429C346}.Debug|x86.Build.0 = Debug|x86
		{3F7C19DC-23C3-449C-9497-3361B429C346}.Release|x86.ActiveCfg = Release|x86
		{3F7C19DC-23C3-449C-9497-3361B429C346}.Release|x86.Build.0 = Release|x86
	EndGlobalSection
	GlobalSection(SolutionProperties) = preSolution
		HideSolutionNode = FALSE
	EndGlobalSection
EndGlobal
